
Microsoft Visual Studio Solution File, Format Version 12.00
# Visual Studio 15
VisualStudioVersion = 15.0.28307.329
MinimumVisualStudioVersion = 10.0.40219.1
Project("{FAE04EC0-301F-11D3-BF4B-00C04F79EFBC}") = "ConsoleApp6", "ConsoleApp6\ConsoleApp6.csproj", "{68332343-22F3-4EBF-AC65-CF4EE153D674}"
EndProject
Project("{FAE04EC0-301F-11D3-BF4B-00C04F79EFBC}") = "UnitTestProject1", "UnitTestProject1\UnitTestProject1.csproj", "{B65D1DF7-8B4F-488C-B293-E47EAB0242BF}"
EndProject
Global
	GlobalSection(SolutionConfigurationPlatforms) = preSolution
		Debug|Any CPU = Debug|Any CPU
		Release|Any CPU = Release|Any CPU
	EndGlobalSection
	GlobalSection(ProjectConfigurationPlatforms) = postSolution
		{68332343-22F3-4EBF-AC65-CF4EE153D674}.Debug|Any CPU.ActiveCfg = Debug|Any CPU
		{68332343-22F3-4EBF-AC65-CF4EE153D674}.Debug|Any CPU.Build.0 = Debug|Any CPU
		{68332343-22F3-4EBF-AC65-CF4EE153D674}.Release|Any CPU.ActiveCfg = Release|Any CPU
		{68332343-22F3-4EBF-AC65-CF4EE153D674}.Release|Any CPU.Build.0 = Release|Any CPU
		{B65D1DF7-8B4F-488C-B293-E47EAB0242BF}.Debug|Any CPU.ActiveCfg = Debug|Any CPU
		{B65D1DF7-8B4F-488C-B293-E47EAB0242BF}.Debug|Any CPU.Build.0 = Debug|Any CPU
		{B65D1DF7-8B4F-488C-B293-E47EAB0242BF}.Release|Any CPU.ActiveCfg = Release|Any CPU
		{B65D1DF7-8B4F-488C-B293-E47EAB0242BF}.Release|Any CPU.Build.0 = Release|Any CPU
	EndGlobalSection
	GlobalSection(SolutionProperties) = preSolution
		HideSolutionNode = FALSE
	EndGlobalSection
	GlobalSection(ExtensibilityGlobals) = postSolution
		SolutionGuid = {B142D8AD-329F-425A-B48B-747A30E4DBCE}
	EndGlobalSection
EndGlobal
